// !$*UTF8*$!
{
	archiveVersion = 1;
	classes = {
	};
	objectVersion = 50;
	objects = {

/* Begin PBXBuildFile section */
		FFEFE70E216F2DCD002AD211 /* AppDelegate.swift in Sources */ = {isa = PBXBuildFile; fileRef = FFEFE70D216F2DCD002AD211 /* AppDelegate.swift */; };
		FFEFE710216F2DCD002AD211 /* ViewController.swift in Sources */ = {isa = PBXBuildFile; fileRef = FFEFE70F216F2DCD002AD211 /* ViewController.swift */; };
		FFEFE712216F2DCE002AD211 /* Assets.xcassets in Resources */ = {isa = PBXBuildFile; fileRef = FFEFE711216F2DCE002AD211 /* Assets.xcassets */; };
		FFEFE715216F2DCE002AD211 /* Main.storyboard in Resources */ = {isa = PBXBuildFile; fileRef = FFEFE713216F2DCE002AD211 /* Main.storyboard */; };
		FFEFE722216F2DE4002AD211 /* AppDelegate.swift in Sources */ = {isa = PBXBuildFile; fileRef = FFEFE721216F2DE4002AD211 /* AppDelegate.swift */; };
		FFEFE724216F2DE4002AD211 /* ViewController.swift in Sources */ = {isa = PBXBuildFile; fileRef = FFEFE723216F2DE4002AD211 /* ViewController.swift */; };
		FFEFE727216F2DE4002AD211 /* Main.storyboard in Resources */ = {isa = PBXBuildFile; fileRef = FFEFE725216F2DE4002AD211 /* Main.storyboard */; };
		FFEFE72A216F2DE4002AD211 /* DemoIOS.xcdatamodeld in Sources */ = {isa = PBXBuildFile; fileRef = FFEFE728216F2DE4002AD211 /* DemoIOS.xcdatamodeld */; };
		FFEFE72C216F2DE5002AD211 /* Assets.xcassets in Resources */ = {isa = PBXBuildFile; fileRef = FFEFE72B216F2DE5002AD211 /* Assets.xcassets */; };
		FFEFE72F216F2DE5002AD211 /* LaunchScreen.storyboard in Resources */ = {isa = PBXBuildFile; fileRef = FFEFE72D216F2DE5002AD211 /* LaunchScreen.storyboard */; };
		FFEFE736216F3262002AD211 /* Matrix.swift in Sources */ = {isa = PBXBuildFile; fileRef = FFEFE735216F3262002AD211 /* Matrix.swift */; };
		FFEFE739216F3295002AD211 /* MPS.swift in Sources */ = {isa = PBXBuildFile; fileRef = FFEFE738216F3295002AD211 /* MPS.swift */; };
		FFEFE73B216F329F002AD211 /* BLAS.swift in Sources */ = {isa = PBXBuildFile; fileRef = FFEFE73A216F329F002AD211 /* BLAS.swift */; };
		FFEFE73D216F53DD002AD211 /* Utils.swift in Sources */ = {isa = PBXBuildFile; fileRef = FFEFE73C216F53DD002AD211 /* Utils.swift */; };
		FFEFE73F216F65ED002AD211 /* Runner.swift in Sources */ = {isa = PBXBuildFile; fileRef = FFEFE73E216F65ED002AD211 /* Runner.swift */; };
		FFEFE740216F83D3002AD211 /* Matrix.swift in Sources */ = {isa = PBXBuildFile; fileRef = FFEFE735216F3262002AD211 /* Matrix.swift */; };
		FFEFE741216F83D3002AD211 /* Runner.swift in Sources */ = {isa = PBXBuildFile; fileRef = FFEFE73E216F65ED002AD211 /* Runner.swift */; };
		FFEFE742216F83D3002AD211 /* MPS.swift in Sources */ = {isa = PBXBuildFile; fileRef = FFEFE738216F3295002AD211 /* MPS.swift */; };
		FFEFE743216F83D3002AD211 /* BLAS.swift in Sources */ = {isa = PBXBuildFile; fileRef = FFEFE73A216F329F002AD211 /* BLAS.swift */; };
		FFEFE744216F83D3002AD211 /* Utils.swift in Sources */ = {isa = PBXBuildFile; fileRef = FFEFE73C216F53DD002AD211 /* Utils.swift */; };
		FFEFE74B21765395002AD211 /* matrixmul.c in Sources */ = {isa = PBXBuildFile; fileRef = FFEFE74A21765395002AD211 /* matrixmul.c */; };
		FFEFE74C2176639B002AD211 /* matrixmul.h in Sources */ = {isa = PBXBuildFile; fileRef = FFEFE74821765375002AD211 /* matrixmul.h */; };
/* End PBXBuildFile section */

/* Begin PBXFileReference section */
		FFEFE70A216F2DCD002AD211 /* DemoOSX.app */ = {isa = PBXFileReference; explicitFileType = wrapper.application; includeInIndex = 0; path = DemoOSX.app; sourceTree = BUILT_PRODUCTS_DIR; };
		FFEFE70D216F2DCD002AD211 /* AppDelegate.swift */ = {isa = PBXFileReference; lastKnownFileType = sourcecode.swift; path = AppDelegate.swift; sourceTree = "<group>"; };
		FFEFE70F216F2DCD002AD211 /* ViewController.swift */ = {isa = PBXFileReference; lastKnownFileType = sourcecode.swift; path = ViewController.swift; sourceTree = "<group>"; };
		FFEFE711216F2DCE002AD211 /* Assets.xcassets */ = {isa = PBXFileReference; lastKnownFileType = folder.assetcatalog; path = Assets.xcassets; sourceTree = "<group>"; };
		FFEFE714216F2DCE002AD211 /* Base */ = {isa = PBXFileReference; lastKnownFileType = file.storyboard; name = Base; path = Base.lproj/Main.storyboard; sourceTree = "<group>"; };
		FFEFE716216F2DCF002AD211 /* Info.plist */ = {isa = PBXFileReference; lastKnownFileType = text.plist.xml; path = Info.plist; sourceTree = "<group>"; };
		FFEFE717216F2DCF002AD211 /* DemoOSX.entitlements */ = {isa = PBXFileReference; lastKnownFileType = text.plist.entitlements; path = DemoOSX.entitlements; sourceTree = "<group>"; };
		FFEFE71F216F2DE4002AD211 /* DemoIOS.app */ = {isa = PBXFileReference; explicitFileType = wrapper.application; includeInIndex = 0; path = DemoIOS.app; sourceTree = BUILT_PRODUCTS_DIR; };
		FFEFE721216F2DE4002AD211 /* AppDelegate.swift */ = {isa = PBXFileReference; lastKnownFileType = sourcecode.swift; path = AppDelegate.swift; sourceTree = "<group>"; };
		FFEFE723216F2DE4002AD211 /* ViewController.swift */ = {isa = PBXFileReference; lastKnownFileType = sourcecode.swift; path = ViewController.swift; sourceTree = "<group>"; };
		FFEFE726216F2DE4002AD211 /* Base */ = {isa = PBXFileReference; lastKnownFileType = file.storyboard; name = Base; path = Base.lproj/Main.storyboard; sourceTree = "<group>"; };
		FFEFE729216F2DE4002AD211 /* DemoIOS.xcdatamodel */ = {isa = PBXFileReference; lastKnownFileType = wrapper.xcdatamodel; path = DemoIOS.xcdatamodel; sourceTree = "<group>"; };
		FFEFE72B216F2DE5002AD211 /* Assets.xcassets */ = {isa = PBXFileReference; lastKnownFileType = folder.assetcatalog; path = Assets.xcassets; sourceTree = "<group>"; };
		FFEFE72E216F2DE5002AD211 /* Base */ = {isa = PBXFileReference; lastKnownFileType = file.storyboard; name = Base; path = Base.lproj/LaunchScreen.storyboard; sourceTree = "<group>"; };
		FFEFE730216F2DE5002AD211 /* Info.plist */ = {isa = PBXFileReference; lastKnownFileType = text.plist.xml; path = Info.plist; sourceTree = "<group>"; };
		FFEFE735216F3262002AD211 /* Matrix.swift */ = {isa = PBXFileReference; lastKnownFileType = sourcecode.swift; path = Matrix.swift; sourceTree = "<group>"; };
		FFEFE738216F3295002AD211 /* MPS.swift */ = {isa = PBXFileReference; lastKnownFileType = sourcecode.swift; path = MPS.swift; sourceTree = "<group>"; };
		FFEFE73A216F329F002AD211 /* BLAS.swift */ = {isa = PBXFileReference; lastKnownFileType = sourcecode.swift; path = BLAS.swift; sourceTree = "<group>"; };
		FFEFE73C216F53DD002AD211 /* Utils.swift */ = {isa = PBXFileReference; lastKnownFileType = sourcecode.swift; path = Utils.swift; sourceTree = "<group>"; };
		FFEFE73E216F65ED002AD211 /* Runner.swift */ = {isa = PBXFileReference; lastKnownFileType = sourcecode.swift; path = Runner.swift; sourceTree = "<group>"; };
		FFEFE74821765375002AD211 /* matrixmul.h */ = {isa = PBXFileReference; lastKnownFileType = sourcecode.c.h; path = matrixmul.h; sourceTree = "<group>"; };
		FFEFE74921765395002AD211 /* DemoOSX-Bridging-Header.h */ = {isa = PBXFileReference; lastKnownFileType = sourcecode.c.h; path = "DemoOSX-Bridging-Header.h"; sourceTree = "<group>"; };
		FFEFE74A21765395002AD211 /* matrixmul.c */ = {isa = PBXFileReference; lastKnownFileType = sourcecode.c.c; path = matrixmul.c; sourceTree = "<group>"; };
		FFEFE75021766444002AD211 /* DemoIOS-Bridging-Header.h */ = {isa = PBXFileReference; lastKnownFileType = sourcecode.c.h; path = "DemoIOS-Bridging-Header.h"; sourceTree = "<group>"; };
		FFEFE75421767997002AD211 /* matrixmul.cl */ = {isa = PBXFileReference; lastKnownFileType = sourcecode.opencl; path = matrixmul.cl; sourceTree = "<group>"; };
/* End PBXFileReference section */

/* Begin PBXFrameworksBuildPhase section */
		FFEFE707216F2DCD002AD211 /* Frameworks */ = {
			isa = PBXFrameworksBuildPhase;
			buildActionMask = 2147483647;
			files = (
			);
			runOnlyForDeploymentPostprocessing = 0;
		};
		FFEFE71C216F2DE4002AD211 /* Frameworks */ = {
			isa = PBXFrameworksBuildPhase;
			buildActionMask = 2147483647;
			files = (
			);
			runOnlyForDeploymentPostprocessing = 0;
		};
/* End PBXFrameworksBuildPhase section */

/* Begin PBXGroup section */
		FFEFE6FF216F2D92002AD211 = {
			isa = PBXGroup;
			children = (
				FFEFE737216F3274002AD211 /* Common */,
				FFEFE70C216F2DCD002AD211 /* DemoOSX */,
				FFEFE720216F2DE4002AD211 /* DemoIOS */,
				FFEFE70B216F2DCD002AD211 /* Products */,
			);
			sourceTree = "<group>";
		};
		FFEFE70B216F2DCD002AD211 /* Products */ = {
			isa = PBXGroup;
			children = (
				FFEFE70A216F2DCD002AD211 /* DemoOSX.app */,
				FFEFE71F216F2DE4002AD211 /* DemoIOS.app */,
			);
			name = Products;
			sourceTree = "<group>";
		};
		FFEFE70C216F2DCD002AD211 /* DemoOSX */ = {
			isa = PBXGroup;
			children = (
				FFEFE70D216F2DCD002AD211 /* AppDelegate.swift */,
				FFEFE70F216F2DCD002AD211 /* ViewController.swift */,
				FFEFE711216F2DCE002AD211 /* Assets.xcassets */,
				FFEFE713216F2DCE002AD211 /* Main.storyboard */,
				FFEFE716216F2DCF002AD211 /* Info.plist */,
				FFEFE717216F2DCF002AD211 /* DemoOSX.entitlements */,
			);
			path = DemoOSX;
			sourceTree = "<group>";
		};
		FFEFE720216F2DE4002AD211 /* DemoIOS */ = {
			isa = PBXGroup;
			children = (
				FFEFE721216F2DE4002AD211 /* AppDelegate.swift */,
				FFEFE723216F2DE4002AD211 /* ViewController.swift */,
				FFEFE725216F2DE4002AD211 /* Main.storyboard */,
				FFEFE72B216F2DE5002AD211 /* Assets.xcassets */,
				FFEFE72D216F2DE5002AD211 /* LaunchScreen.storyboard */,
				FFEFE730216F2DE5002AD211 /* Info.plist */,
				FFEFE728216F2DE4002AD211 /* DemoIOS.xcdatamodeld */,
			);
			path = DemoIOS;
			sourceTree = "<group>";
		};
		FFEFE734216F3233002AD211 /* Functions */ = {
			isa = PBXGroup;
			children = (
				FFEFE738216F3295002AD211 /* MPS.swift */,
				FFEFE73A216F329F002AD211 /* BLAS.swift */,
				FFEFE74821765375002AD211 /* matrixmul.h */,
				FFEFE74A21765395002AD211 /* matrixmul.c */,
				FFEFE74921765395002AD211 /* DemoOSX-Bridging-Header.h */,
				FFEFE75021766444002AD211 /* DemoIOS-Bridging-Header.h */,
				FFEFE75421767997002AD211 /* matrixmul.cl */,
			);
			path = Functions;
			sourceTree = "<group>";
		};
		FFEFE737216F3274002AD211 /* Common */ = {
			isa = PBXGroup;
			children = (
				FFEFE73C216F53DD002AD211 /* Utils.swift */,
				FFEFE734216F3233002AD211 /* Functions */,
				FFEFE745216F8786002AD211 /* Data */,
				FFEFE73E216F65ED002AD211 /* Runner.swift */,
			);
			path = Common;
			sourceTree = "<group>";
		};
		FFEFE745216F8786002AD211 /* Data */ = {
			isa = PBXGroup;
			children = (
				FFEFE735216F3262002AD211 /* Matrix.swift */,
			);
			path = Data;
			sourceTree = "<group>";
		};
/* End PBXGroup section */

/* Begin PBXNativeTarget section */
		FFEFE709216F2DCD002AD211 /* DemoOSX */ = {
			isa = PBXNativeTarget;
			buildConfigurationList = FFEFE718216F2DCF002AD211 /* Build configuration list for PBXNativeTarget "DemoOSX" */;
			buildPhases = (
				FFEFE706216F2DCD002AD211 /* Sources */,
				FFEFE707216F2DCD002AD211 /* Frameworks */,
				FFEFE708216F2DCD002AD211 /* Resources */,
			);
			buildRules = (
			);
			dependencies = (
			);
			name = DemoOSX;
			productName = DemoOSX;
			productReference = FFEFE70A216F2DCD002AD211 /* DemoOSX.app */;
			productType = "com.apple.product-type.application";
		};
		FFEFE71E216F2DE4002AD211 /* DemoIOS */ = {
			isa = PBXNativeTarget;
			buildConfigurationList = FFEFE731216F2DE5002AD211 /* Build configuration list for PBXNativeTarget "DemoIOS" */;
			buildPhases = (
				FFEFE71B216F2DE4002AD211 /* Sources */,
				FFEFE71C216F2DE4002AD211 /* Frameworks */,
				FFEFE71D216F2DE4002AD211 /* Resources */,
			);
			buildRules = (
			);
			dependencies = (
			);
			name = DemoIOS;
			productName = DemoIOS;
			productReference = FFEFE71F216F2DE4002AD211 /* DemoIOS.app */;
			productType = "com.apple.product-type.application";
		};
/* End PBXNativeTarget section */

/* Begin PBXProject section */
		FFEFE700216F2D92002AD211 /* Project object */ = {
			isa = PBXProject;
			attributes = {
				LastSwiftUpdateCheck = 1000;
				LastUpgradeCheck = 1000;
				TargetAttributes = {
					FFEFE709216F2DCD002AD211 = {
						CreatedOnToolsVersion = 10.0;
						LastSwiftMigration = 1000;
					};
					FFEFE71E216F2DE4002AD211 = {
						CreatedOnToolsVersion = 10.0;
						LastSwiftMigration = 1000;
					};
				};
			};
			buildConfigurationList = FFEFE703216F2D92002AD211 /* Build configuration list for PBXProject "AppleProcessorsDemo" */;
			compatibilityVersion = "Xcode 9.3";
			developmentRegion = en;
			hasScannedForEncodings = 0;
			knownRegions = (
				en,
				Base,
			);
			mainGroup = FFEFE6FF216F2D92002AD211;
			productRefGroup = FFEFE70B216F2DCD002AD211 /* Products */;
			projectDirPath = "";
			projectRoot = "";
			targets = (
				FFEFE709216F2DCD002AD211 /* DemoOSX */,
				FFEFE71E216F2DE4002AD211 /* DemoIOS */,
			);
		};
/* End PBXProject section */

/* Begin PBXResourcesBuildPhase section */
		FFEFE708216F2DCD002AD211 /* Resources */ = {
			isa = PBXResourcesBuildPhase;
			buildActionMask = 2147483647;
			files = (
				FFEFE712216F2DCE002AD211 /* Assets.xcassets in Resources */,
				FFEFE715216F2DCE002AD211 /* Main.storyboard in Resources */,
			);
			runOnlyForDeploymentPostprocessing = 0;
		};
		FFEFE71D216F2DE4002AD211 /* Resources */ = {
			isa = PBXResourcesBuildPhase;
			buildActionMask = 2147483647;
			files = (
				FFEFE72F216F2DE5002AD211 /* LaunchScreen.storyboard in Resources */,
				FFEFE72C216F2DE5002AD211 /* Assets.xcassets in Resources */,
				FFEFE727216F2DE4002AD211 /* Main.storyboard in Resources */,
			);
			runOnlyForDeploymentPostprocessing = 0;
		};
/* End PBXResourcesBuildPhase section */

/* Begin PBXSourcesBuildPhase section */
		FFEFE706216F2DCD002AD211 /* Sources */ = {
			isa = PBXSourcesBuildPhase;
			buildActionMask = 2147483647;
			files = (
				FFEFE74C2176639B002AD211 /* matrixmul.h in Sources */,
				FFEFE739216F3295002AD211 /* MPS.swift in Sources */,
				FFEFE736216F3262002AD211 /* Matrix.swift in Sources */,
				FFEFE710216F2DCD002AD211 /* ViewController.swift in Sources */,
				FFEFE74B21765395002AD211 /* matrixmul.c in Sources */,
				FFEFE70E216F2DCD002AD211 /* AppDelegate.swift in Sources */,
				FFEFE73B216F329F002AD211 /* BLAS.swift in Sources */,
				FFEFE73D216F53DD002AD211 /* Utils.swift in Sources */,
				FFEFE73F216F65ED002AD211 /* Runner.swift in Sources */,
			);
			runOnlyForDeploymentPostprocessing = 0;
		};
		FFEFE71B216F2DE4002AD211 /* Sources */ = {
			isa = PBXSourcesBuildPhase;
			buildActionMask = 2147483647;
			files = (
				FFEFE740216F83D3002AD211 /* Matrix.swift in Sources */,
				FFEFE741216F83D3002AD211 /* Runner.swift in Sources */,
				FFEFE742216F83D3002AD211 /* MPS.swift in Sources */,
				FFEFE743216F83D3002AD211 /* BLAS.swift in Sources */,
				FFEFE744216F83D3002AD211 /* Utils.swift in Sources */,
				FFEFE72A216F2DE4002AD211 /* DemoIOS.xcdatamodeld in Sources */,
				FFEFE724216F2DE4002AD211 /* ViewController.swift in Sources */,
				FFEFE722216F2DE4002AD211 /* AppDelegate.swift in Sources */,
			);
			runOnlyForDeploymentPostprocessing = 0;
		};
/* End PBXSourcesBuildPhase section */

/* Begin PBXVariantGroup section */
		FFEFE713216F2DCE002AD211 /* Main.storyboard */ = {
			isa = PBXVariantGroup;
			children = (
				FFEFE714216F2DCE002AD211 /* Base */,
			);
			name = Main.storyboard;
			sourceTree = "<group>";
		};
		FFEFE725216F2DE4002AD211 /* Main.storyboard */ = {
			isa = PBXVariantGroup;
			children = (
				FFEFE726216F2DE4002AD211 /* Base */,
			);
			name = Main.storyboard;
			sourceTree = "<group>";
		};
		FFEFE72D216F2DE5002AD211 /* LaunchScreen.storyboard */ = {
			isa = PBXVariantGroup;
			children = (
				FFEFE72E216F2DE5002AD211 /* Base */,
			);
			name = LaunchScreen.storyboard;
			sourceTree = "<group>";
		};
/* End PBXVariantGroup section */

/* Begin XCBuildConfiguration section */
		FFEFE704216F2D92002AD211 /* Debug */ = {
			isa = XCBuildConfiguration;
			buildSettings = {
			};
			name = Debug;
		};
		FFEFE705216F2D92002AD211 /* Release */ = {
			isa = XCBuildConfiguration;
			buildSettings = {
			};
			name = Release;
		};
		FFEFE719216F2DCF002AD211 /* Debug */ = {
			isa = XCBuildConfiguration;
			buildSettings = {
				ALWAYS_SEARCH_USER_PATHS = NO;
				ASSETCATALOG_COMPILER_APPICON_NAME = AppIcon;
				CLANG_ANALYZER_NONNULL = YES;
				CLANG_ANALYZER_NUMBER_OBJECT_CONVERSION = YES_AGGRESSIVE;
				CLANG_CXX_LANGUAGE_STANDARD = "gnu++14";
				CLANG_CXX_LIBRARY = "libc++";
				CLANG_ENABLE_MODULES = YES;
				CLANG_ENABLE_OBJC_ARC = YES;
				CLANG_ENABLE_OBJC_WEAK = YES;
				CLANG_WARN_BLOCK_CAPTURE_AUTORELEASING = YES;
				CLANG_WARN_BOOL_CONVERSION = YES;
				CLANG_WARN_COMMA = YES;
				CLANG_WARN_CONSTANT_CONVERSION = YES;
				CLANG_WARN_DEPRECATED_OBJC_IMPLEMENTATIONS = YES;
				CLANG_WARN_DIRECT_OBJC_ISA_USAGE = YES_ERROR;
				CLANG_WARN_DOCUMENTATION_COMMENTS = YES;
				CLANG_WARN_EMPTY_BODY = YES;
				CLANG_WARN_ENUM_CONVERSION = YES;
				CLANG_WARN_INFINITE_RECURSION = YES;
				CLANG_WARN_INT_CONVERSION = YES;
				CLANG_WARN_NON_LITERAL_NULL_CONVERSION = YES;
				CLANG_WARN_OBJC_IMPLICIT_RETAIN_SELF = YES;
				CLANG_WARN_OBJC_LITERAL_CONVERSION = YES;
				CLANG_WARN_OBJC_ROOT_CLASS = YES_ERROR;
				CLANG_WARN_RANGE_LOOP_ANALYSIS = YES;
				CLANG_WARN_STRICT_PROTOTYPES = YES;
				CLANG_WARN_SUSPICIOUS_MOVE = YES;
				CLANG_WARN_UNGUARDED_AVAILABILITY = YES_AGGRESSIVE;
				CLANG_WARN_UNREACHABLE_CODE = YES;
				CLANG_WARN__DUPLICATE_METHOD_MATCH = YES;
				CODE_SIGN_ENTITLEMENTS = DemoOSX/DemoOSX.entitlements;
				CODE_SIGN_IDENTITY = "Mac Developer";
				CODE_SIGN_STYLE = Automatic;
				COMBINE_HIDPI_IMAGES = YES;
				COPY_PHASE_STRIP = NO;
				DEBUG_INFORMATION_FORMAT = dwarf;
				DEVELOPMENT_TEAM = 8G7PUM2Q99;
				ENABLE_STRICT_OBJC_MSGSEND = YES;
				ENABLE_TESTABILITY = YES;
				GCC_C_LANGUAGE_STANDARD = gnu11;
				GCC_DYNAMIC_NO_PIC = NO;
				GCC_NO_COMMON_BLOCKS = YES;
				GCC_OPTIMIZATION_LEVEL = 0;
				GCC_PREPROCESSOR_DEFINITIONS = (
					"DEBUG=1",
					"$(inherited)",
				);
				GCC_WARN_64_TO_32_BIT_CONVERSION = YES;
				GCC_WARN_ABOUT_RETURN_TYPE = YES_ERROR;
				GCC_WARN_UNDECLARED_SELECTOR = YES;
				GCC_WARN_UNINITIALIZED_AUTOS = YES_AGGRESSIVE;
				GCC_WARN_UNUSED_FUNCTION = YES;
				GCC_WARN_UNUSED_VARIABLE = YES;
				INFOPLIST_FILE = DemoOSX/Info.plist;
				LD_RUNPATH_SEARCH_PATHS = (
					"$(inherited)",
					"@executable_path/../Frameworks",
				);
				MACOSX_DEPLOYMENT_TARGET = 10.13;
				MTL_ENABLE_DEBUG_INFO = INCLUDE_SOURCE;
				MTL_FAST_MATH = YES;
				ONLY_ACTIVE_ARCH = YES;
				PRODUCT_BUNDLE_IDENTIFIER = KolmoStar.DemoOSX;
				PRODUCT_NAME = "$(TARGET_NAME)";
				SDKROOT = macosx;
				SWIFT_ACTIVE_COMPILATION_CONDITIONS = DEBUG;
				SWIFT_OBJC_BRIDGING_HEADER = "Common/Functions/DemoOSX-Bridging-Header.h";
				SWIFT_OPTIMIZATION_LEVEL = "-Onone";
				SWIFT_VERSION = 3.0;
			};
			name = Debug;
		};
		FFEFE71A216F2DCF002AD211 /* Release */ = {
			isa = XCBuildConfiguration;
			buildSettings = {
				ALWAYS_SEARCH_USER_PATHS = NO;
				ASSETCATALOG_COMPILER_APPICON_NAME = AppIcon;
				CLANG_ANALYZER_NONNULL = YES;
				CLANG_ANALYZER_NUMBER_OBJECT_CONVERSION = YES_AGGRESSIVE;
				CLANG_CXX_LANGUAGE_STANDARD = "gnu++14";
				CLANG_CXX_LIBRARY = "libc++";
				CLANG_ENABLE_MODULES = YES;
				CLANG_ENABLE_OBJC_ARC = YES;
				CLANG_ENABLE_OBJC_WEAK = YES;
				CLANG_WARN_BLOCK_CAPTURE_AUTORELEASING = YES;
				CLANG_WARN_BOOL_CONVERSION = YES;
				CLANG_WARN_COMMA = YES;
				CLANG_WARN_CONSTANT_CONVERSION = YES;
				CLANG_WARN_DEPRECATED_OBJC_IMPLEMENTATIONS = YES;
				CLANG_WARN_DIRECT_OBJC_ISA_USAGE = YES_ERROR;
				CLANG_WARN_DOCUMENTATION_COMMENTS = YES;
				CLANG_WARN_EMPTY_BODY = YES;
				CLANG_WARN_ENUM_CONVERSION = YES;
				CLANG_WARN_INFINITE_RECURSION = YES;
				CLANG_WARN_INT_CONVERSION = YES;
				CLANG_WARN_NON_LITERAL_NULL_CONVERSION = YES;
				CLANG_WARN_OBJC_IMPLICIT_RETAIN_SELF = YES;
				CLANG_WARN_OBJC_LITERAL_CONVERSION = YES;
				CLANG_WARN_OBJC_ROOT_CLASS = YES_ERROR;
				CLANG_WARN_RANGE_LOOP_ANALYSIS = YES;
				CLANG_WARN_STRICT_PROTOTYPES = YES;
				CLANG_WARN_SUSPICIOUS_MOVE = YES;
				CLANG_WARN_UNGUARDED_AVAILABILITY = YES_AGGRESSIVE;
				CLANG_WARN_UNREACHABLE_CODE = YES;
				CLANG_WARN__DUPLICATE_METHOD_MATCH = YES;
				CODE_SIGN_ENTITLEMENTS = DemoOSX/DemoOSX.entitlements;
				CODE_SIGN_IDENTITY = "Mac Developer";
				CODE_SIGN_STYLE = Automatic;
				COMBINE_HIDPI_IMAGES = YES;
				COPY_PHASE_STRIP = NO;
				DEBUG_INFORMATION_FORMAT = "dwarf-with-dsym";
				DEVELOPMENT_TEAM = 8G7PUM2Q99;
				ENABLE_NS_ASSERTIONS = NO;
				ENABLE_STRICT_OBJC_MSGSEND = YES;
				GCC_C_LANGUAGE_STANDARD = gnu11;
				GCC_NO_COMMON_BLOCKS = YES;
				GCC_WARN_64_TO_32_BIT_CONVERSION = YES;
				GCC_WARN_ABOUT_RETURN_TYPE = YES_ERROR;
				GCC_WARN_UNDECLARED_SELECTOR = YES;
				GCC_WARN_UNINITIALIZED_AUTOS = YES_AGGRESSIVE;
				GCC_WARN_UNUSED_FUNCTION = YES;
				GCC_WARN_UNUSED_VARIABLE = YES;
				INFOPLIST_FILE = DemoOSX/Info.plist;
				LD_RUNPATH_SEARCH_PATHS = (
					"$(inherited)",
					"@executable_path/../Frameworks",
				);
				MACOSX_DEPLOYMENT_TARGET = 10.13;
				MTL_ENABLE_DEBUG_INFO = NO;
				MTL_FAST_MATH = YES;
				PRODUCT_BUNDLE_IDENTIFIER = KolmoStar.DemoOSX;
				PRODUCT_NAME = "$(TARGET_NAME)";
				SDKROOT = macosx;
				SWIFT_COMPILATION_MODE = wholemodule;
				SWIFT_OBJC_BRIDGING_HEADER = "Common/Functions/DemoOSX-Bridging-Header.h";
				SWIFT_OPTIMIZATION_LEVEL = "-O";
				SWIFT_VERSION = 3.0;
			};
			name = Release;
		};
		FFEFE732216F2DE5002AD211 /* Debug */ = {
			isa = XCBuildConfiguration;
			buildSettings = {
				ALWAYS_SEARCH_USER_PATHS = NO;
				ASSETCATALOG_COMPILER_APPICON_NAME = AppIcon;
				CLANG_ANALYZER_NONNULL = YES;
				CLANG_ANALYZER_NUMBER_OBJECT_CONVERSION = YES_AGGRESSIVE;
				CLANG_CXX_LANGUAGE_STANDARD = "gnu++14";
				CLANG_CXX_LIBRARY = "libc++";
				CLANG_ENABLE_MODULES = YES;
				CLANG_ENABLE_OBJC_ARC = YES;
				CLANG_ENABLE_OBJC_WEAK = YES;
				CLANG_WARN_BLOCK_CAPTURE_AUTORELEASING = YES;
				CLANG_WARN_BOOL_CONVERSION = YES;
				CLANG_WARN_COMMA = YES;
				CLANG_WARN_CONSTANT_CONVERSION = YES;
				CLANG_WARN_DEPRECATED_OBJC_IMPLEMENTATIONS = YES;
				CLANG_WARN_DIRECT_OBJC_ISA_USAGE = YES_ERROR;
				CLANG_WARN_DOCUMENTATION_COMMENTS = YES;
				CLANG_WARN_EMPTY_BODY = YES;
				CLANG_WARN_ENUM_CONVERSION = YES;
				CLANG_WARN_INFINITE_RECURSION = YES;
				CLANG_WARN_INT_CONVERSION = YES;
				CLANG_WARN_NON_LITERAL_NULL_CONVERSION = YES;
				CLANG_WARN_OBJC_IMPLICIT_RETAIN_SELF = YES;
				CLANG_WARN_OBJC_LITERAL_CONVERSION = YES;
				CLANG_WARN_OBJC_ROOT_CLASS = YES_ERROR;
				CLANG_WARN_RANGE_LOOP_ANALYSIS = YES;
				CLANG_WARN_STRICT_PROTOTYPES = YES;
				CLANG_WARN_SUSPICIOUS_MOVE = YES;
				CLANG_WARN_UNGUARDED_AVAILABILITY = YES_AGGRESSIVE;
				CLANG_WARN_UNREACHABLE_CODE = YES;
				CLANG_WARN__DUPLICATE_METHOD_MATCH = YES;
				CODE_SIGN_IDENTITY = "iPhone Developer";
				CODE_SIGN_STYLE = Automatic;
				COPY_PHASE_STRIP = NO;
				DEBUG_INFORMATION_FORMAT = dwarf;
				DEVELOPMENT_TEAM = 8G7PUM2Q99;
				ENABLE_STRICT_OBJC_MSGSEND = YES;
				ENABLE_TESTABILITY = YES;
				GCC_C_LANGUAGE_STANDARD = gnu11;
				GCC_DYNAMIC_NO_PIC = NO;
				GCC_NO_COMMON_BLOCKS = YES;
				GCC_OPTIMIZATION_LEVEL = 0;
				GCC_PREPROCESSOR_DEFINITIONS = (
					"DEBUG=1",
					"$(inherited)",
				);
				GCC_WARN_64_TO_32_BIT_CONVERSION = YES;
				GCC_WARN_ABOUT_RETURN_TYPE = YES_ERROR;
				GCC_WARN_UNDECLARED_SELECTOR = YES;
				GCC_WARN_UNINITIALIZED_AUTOS = YES_AGGRESSIVE;
				GCC_WARN_UNUSED_FUNCTION = YES;
				GCC_WARN_UNUSED_VARIABLE = YES;
				INFOPLIST_FILE = DemoIOS/Info.plist;
				IPHONEOS_DEPLOYMENT_TARGET = 12.0;
				LD_RUNPATH_SEARCH_PATHS = (
					"$(inherited)",
					"@executable_path/Frameworks",
				);
				MTL_ENABLE_DEBUG_INFO = INCLUDE_SOURCE;
				MTL_FAST_MATH = YES;
				ONLY_ACTIVE_ARCH = YES;
				PRODUCT_BUNDLE_IDENTIFIER = KolmoStar.DemoIOS;
				PRODUCT_NAME = "$(TARGET_NAME)";
				SDKROOT = iphoneos;
				SWIFT_ACTIVE_COMPILATION_CONDITIONS = DEBUG;
				SWIFT_OBJC_BRIDGING_HEADER = "Common/Functions/DemoIOS-Bridging-Header.h";
				SWIFT_OPTIMIZATION_LEVEL = "-Onone";
				SWIFT_VERSION = 3.0;
				TARGETED_DEVICE_FAMILY = "1,2";
			};
			name = Debug;
		};
		FFEFE733216F2DE5002AD211 /* Release */ = {
			isa = XCBuildConfiguration;
			buildSettings = {
				ALWAYS_SEARCH_USER_PATHS = NO;
				ASSETCATALOG_COMPILER_APPICON_NAME = AppIcon;
				CLANG_ANALYZER_NONNULL = YES;
				CLANG_ANALYZER_NUMBER_OBJECT_CONVERSION = YES_AGGRESSIVE;
				CLANG_CXX_LANGUAGE_STANDARD = "gnu++14";
				CLANG_CXX_LIBRARY = "libc++";
				CLANG_ENABLE_MODULES = YES;
				CLANG_ENABLE_OBJC_ARC = YES;
				CLANG_ENABLE_OBJC_WEAK = YES;
				CLANG_WARN_BLOCK_CAPTURE_AUTORELEASING = YES;
				CLANG_WARN_BOOL_CONVERSION = YES;
				CLANG_WARN_COMMA = YES;
				CLANG_WARN_CONSTANT_CONVERSION = YES;
				CLANG_WARN_DEPRECATED_OBJC_IMPLEMENTATIONS = YES;
				CLANG_WARN_DIRECT_OBJC_ISA_USAGE = YES_ERROR;
				CLANG_WARN_DOCUMENTATION_COMMENTS = YES;
				CLANG_WARN_EMPTY_BODY = YES;
				CLANG_WARN_ENUM_CONVERSION = YES;
				CLANG_WARN_INFINITE_RECURSION = YES;
				CLANG_WARN_INT_CONVERSION = YES;
				CLANG_WARN_NON_LITERAL_NULL_CONVERSION = YES;
				CLANG_WARN_OBJC_IMPLICIT_RETAIN_SELF = YES;
				CLANG_WARN_OBJC_LITERAL_CONVERSION = YES;
				CLANG_WARN_OBJC_ROOT_CLASS = YES_ERROR;
				CLANG_WARN_RANGE_LOOP_ANALYSIS = YES;
				CLANG_WARN_STRICT_PROTOTYPES = YES;
				CLANG_WARN_SUSPICIOUS_MOVE = YES;
				CLANG_WARN_UNGUARDED_AVAILABILITY = YES_AGGRESSIVE;
				CLANG_WARN_UNREACHABLE_CODE = YES;
				CLANG_WARN__DUPLICATE_METHOD_MATCH = YES;
				CODE_SIGN_IDENTITY = "iPhone Developer";
				CODE_SIGN_STYLE = Automatic;
				COPY_PHASE_STRIP = NO;
				DEBUG_INFORMATION_FORMAT = "dwarf-with-dsym";
				DEVELOPMENT_TEAM = 8G7PUM2Q99;
				ENABLE_NS_ASSERTIONS = NO;
				ENABLE_STRICT_OBJC_MSGSEND = YES;
				GCC_C_LANGUAGE_STANDARD = gnu11;
				GCC_NO_COMMON_BLOCKS = YES;
				GCC_WARN_64_TO_32_BIT_CONVERSION = YES;
				GCC_WARN_ABOUT_RETURN_TYPE = YES_ERROR;
				GCC_WARN_UNDECLARED_SELECTOR = YES;
				GCC_WARN_UNINITIALIZED_AUTOS = YES_AGGRESSIVE;
				GCC_WARN_UNUSED_FUNCTION = YES;
				GCC_WARN_UNUSED_VARIABLE = YES;
				INFOPLIST_FILE = DemoIOS/Info.plist;
				IPHONEOS_DEPLOYMENT_TARGET = 12.0;
				LD_RUNPATH_SEARCH_PATHS = (
					"$(inherited)",
					"@executable_path/Frameworks",
				);
				MTL_ENABLE_DEBUG_INFO = NO;
				MTL_FAST_MATH = YES;
				PRODUCT_BUNDLE_IDENTIFIER = KolmoStar.DemoIOS;
				PRODUCT_NAME = "$(TARGET_NAME)";
				SDKROOT = iphoneos;
				SWIFT_COMPILATION_MODE = wholemodule;
				SWIFT_OBJC_BRIDGING_HEADER = "Common/Functions/DemoIOS-Bridging-Header.h";
				SWIFT_OPTIMIZATION_LEVEL = "-O";
				SWIFT_VERSION = 3.0;
				TARGETED_DEVICE_FAMILY = "1,2";
				VALIDATE_PRODUCT = YES;
			};
			name = Release;
		};
/* End XCBuildConfiguration section */

/* Begin XCConfigurationList section */
		FFEFE703216F2D92002AD211 /* Build configuration list for PBXProject "AppleProcessorsDemo" */ = {
			isa = XCConfigurationList;
			buildConfigurations = (
				FFEFE704216F2D92002AD211 /* Debug */,
				FFEFE705216F2D92002AD211 /* Release */,
			);
			defaultConfigurationIsVisible = 0;
			defaultConfigurationName = Release;
		};
		FFEFE718216F2DCF002AD211 /* Build configuration list for PBXNativeTarget "DemoOSX" */ = {
			isa = XCConfigurationList;
			buildConfigurations = (
				FFEFE719216F2DCF002AD211 /* Debug */,
				FFEFE71A216F2DCF002AD211 /* Release */,
			);
			defaultConfigurationIsVisible = 0;
			defaultConfigurationName = Release;
		};
		FFEFE731216F2DE5002AD211 /* Build configuration list for PBXNativeTarget "DemoIOS" */ = {
			isa = XCConfigurationList;
			buildConfigurations = (
				FFEFE732216F2DE5002AD211 /* Debug */,
				FFEFE733216F2DE5002AD211 /* Release */,
			);
			defaultConfigurationIsVisible = 0;
			defaultConfigurationName = Release;
		};
/* End XCConfigurationList section */

/* Begin XCVersionGroup section */
		FFEFE728216F2DE4002AD211 /* DemoIOS.xcdatamodeld */ = {
			isa = XCVersionGroup;
			children = (
				FFEFE729216F2DE4002AD211 /* DemoIOS.xcdatamodel */,
			);
			currentVersion = FFEFE729216F2DE4002AD211 /* DemoIOS.xcdatamodel */;
			path = DemoIOS.xcdatamodeld;
			sourceTree = "<group>";
			versionGroupType = wrapper.xcdatamodel;
		};
/* End XCVersionGroup section */
	};
	rootObject = FFEFE700216F2D92002AD211 /* Project object */;
}
