// !$*UTF8*$!
{
	archiveVersion = 1;
	classes = {
	};
	objectVersion = 50;
	objects = {

/* Begin PBXGroup section */
		FFEFE6FF216F2D92002AD211 = {
			isa = PBXGroup;
			children = (
			);
			sourceTree = "<group>";
		};
/* End PBXGroup section */

/* Begin PBXProject section */
		FFEFE700216F2D92002AD211 /* Project object */ = {
			isa = PBXProject;
			attributes = {
				LastUpgradeCheck = 1000;
			};
			buildConfigurationList = FFEFE703216F2D92002AD211 /* Build configuration list for PBXProject "AppleProcessorsDemo" */;
			compatibilityVersion = "Xcode 9.3";
			developmentRegion = en;
			hasScannedForEncodings = 0;
			knownRegions = (
				en,
			);
			mainGroup = FFEFE6FF216F2D92002AD211;
			projectDirPath = "";
			projectRoot = "";
			targets = (
			);
		};
/* End PBXProject section */

/* Begin XCBuildConfiguration section */
		FFEFE704216F2D92002AD211 /* Debug */ = {
			isa = XCBuildConfiguration;
			buildSettings = {
			};
			name = Debug;
		};
		FFEFE705216F2D92002AD211 /* Release */ = {
			isa = XCBuildConfiguration;
			buildSettings = {
			};
			name = Release;
		};
/* End XCBuildConfiguration section */

/* Begin XCConfigurationList section */
		FFEFE703216F2D92002AD211 /* Build configuration list for PBXProject "AppleProcessorsDemo" */ = {
			isa = XCConfigurationList;
			buildConfigurations = (
				FFEFE704216F2D92002AD211 /* Debug */,
				FFEFE705216F2D92002AD211 /* Release */,
			);
			defaultConfigurationIsVisible = 0;
			defaultConfigurationName = Release;
		};
/* End XCConfigurationList section */
	};
	rootObject = FFEFE700216F2D92002AD211 /* Project object */;
}
